
Microsoft Visual Studio Solution File, Format Version 12.00
# Visual Studio Version 16
VisualStudioVersion = 16.0.30309.148
MinimumVisualStudioVersion = 10.0.40219.1
Project("{FAE04EC0-301F-11D3-BF4B-00C04F79EFBC}") = "TemplateSelector", "TemplateSelector\TemplateSelector.csproj", "{AEE770A1-7CF7-4647-8AD5-F1127040DCBE}"
EndProject
Global
	GlobalSection(SolutionConfigurationPlatforms) = preSolution
		Debug|Any CPU = Debug|Any CPU
		Release|Any CPU = Release|Any CPU
	EndGlobalSection
	GlobalSection(ProjectConfigurationPlatforms) = postSolution
		{AEE770A1-7CF7-4647-8AD5-F1127040DCBE}.Debug|Any CPU.ActiveCfg = Debug|Any CPU
		{AEE770A1-7CF7-4647-8AD5-F1127040DCBE}.Debug|Any CPU.Build.0 = Debug|Any CPU
		{AEE770A1-7CF7-4647-8AD5-F1127040DCBE}.Release|Any CPU.ActiveCfg = Release|Any CPU
		{AEE770A1-7CF7-4647-8AD5-F1127040DCBE}.Release|Any CPU.Build.0 = Release|Any CPU
	EndGlobalSection
	GlobalSection(SolutionProperties) = preSolution
		HideSolutionNode = FALSE
	EndGlobalSection
	GlobalSection(ExtensibilityGlobals) = postSolution
		SolutionGuid = {7D3F251A-B2DA-493E-B347-45EDEB284CC3}
	EndGlobalSection
EndGlobal
